
Microsoft Visual Studio Solution File, Format Version 12.00
# Visual Studio Version 16
VisualStudioVersion = 16.0.29926.136
MinimumVisualStudioVersion = 10.0.40219.1
Project("{9A19103F-16F7-4668-BE54-9A1E7A4F7556}") = "CryptoTrader.Web", "CryptoTrader.Web\CryptoTrader.Web.csproj", "{5E02FDA8-5AD2-4A55-AEA6-055EF0EFA1A8}"
EndProject
Project("{9A19103F-16F7-4668-BE54-9A1E7A4F7556}") = "CryptoTrader.Utilities", "CryptoTrader.Utilities\CryptoTrader.Utilities.csproj", "{450A779F-4B4D-4B2C-97AD-CBBD6892DCF1}"
EndProject
Project("{FAE04EC0-301F-11D3-BF4B-00C04F79EFBC}") = "Binance.API.Csharp.Client.Models", "Binance.API.Csharp.Client.Models\Binance.API.Csharp.Client.Models.csproj", "{638A82E3-81C0-4ADC-AF87-3C958821EBF5}"
EndProject
Project("{FAE04EC0-301F-11D3-BF4B-00C04F79EFBC}") = "Binance.API.Csharp.Client.Domain", "Binance.API.Csharp.Client.Domain\Binance.API.Csharp.Client.Domain.csproj", "{2F508F0C-053D-4AF0-9E67-DF9AC1E2DA6B}"
EndProject
Project("{FAE04EC0-301F-11D3-BF4B-00C04F79EFBC}") = "Binance.API.Csharp.Client", "Binance.API.Csharp.Client\Binance.API.Csharp.Client.csproj", "{6C80255F-0897-4B23-87F8-914E4696DF5B}"
EndProject
Global
	GlobalSection(SolutionConfigurationPlatforms) = preSolution
		Debug|Any CPU = Debug|Any CPU
		Release|Any CPU = Release|Any CPU
	EndGlobalSection
	GlobalSection(ProjectConfigurationPlatforms) = postSolution
		{5E02FDA8-5AD2-4A55-AEA6-055EF0EFA1A8}.Debug|Any CPU.ActiveCfg = Debug|Any CPU
		{5E02FDA8-5AD2-4A55-AEA6-055EF0EFA1A8}.Debug|Any CPU.Build.0 = Debug|Any CPU
		{5E02FDA8-5AD2-4A55-AEA6-055EF0EFA1A8}.Release|Any CPU.ActiveCfg = Release|Any CPU
		{5E02FDA8-5AD2-4A55-AEA6-055EF0EFA1A8}.Release|Any CPU.Build.0 = Release|Any CPU
		{450A779F-4B4D-4B2C-97AD-CBBD6892DCF1}.Debug|Any CPU.ActiveCfg = Debug|Any CPU
		{450A779F-4B4D-4B2C-97AD-CBBD6892DCF1}.Debug|Any CPU.Build.0 = Debug|Any CPU
		{450A779F-4B4D-4B2C-97AD-CBBD6892DCF1}.Release|Any CPU.ActiveCfg = Release|Any CPU
		{450A779F-4B4D-4B2C-97AD-CBBD6892DCF1}.Release|Any CPU.Build.0 = Release|Any CPU
		{638A82E3-81C0-4ADC-AF87-3C958821EBF5}.Debug|Any CPU.ActiveCfg = Debug|Any CPU
		{638A82E3-81C0-4ADC-AF87-3C958821EBF5}.Debug|Any CPU.Build.0 = Debug|Any CPU
		{638A82E3-81C0-4ADC-AF87-3C958821EBF5}.Release|Any CPU.ActiveCfg = Release|Any CPU
		{638A82E3-81C0-4ADC-AF87-3C958821EBF5}.Release|Any CPU.Build.0 = Release|Any CPU
		{2F508F0C-053D-4AF0-9E67-DF9AC1E2DA6B}.Debug|Any CPU.ActiveCfg = Debug|Any CPU
		{2F508F0C-053D-4AF0-9E67-DF9AC1E2DA6B}.Debug|Any CPU.Build.0 = Debug|Any CPU
		{2F508F0C-053D-4AF0-9E67-DF9AC1E2DA6B}.Release|Any CPU.ActiveCfg = Release|Any CPU
		{2F508F0C-053D-4AF0-9E67-DF9AC1E2DA6B}.Release|Any CPU.Build.0 = Release|Any CPU
		{6C80255F-0897-4B23-87F8-914E4696DF5B}.Debug|Any CPU.ActiveCfg = Debug|Any CPU
		{6C80255F-0897-4B23-87F8-914E4696DF5B}.Debug|Any CPU.Build.0 = Debug|Any CPU
		{6C80255F-0897-4B23-87F8-914E4696DF5B}.Release|Any CPU.ActiveCfg = Release|Any CPU
		{6C80255F-0897-4B23-87F8-914E4696DF5B}.Release|Any CPU.Build.0 = Release|Any CPU
	EndGlobalSection
	GlobalSection(SolutionProperties) = preSolution
		HideSolutionNode = FALSE
	EndGlobalSection
	GlobalSection(ExtensibilityGlobals) = postSolution
		SolutionGuid = {62796F62-1C70-4E59-8E55-5DFC79F8C586}
	EndGlobalSection
EndGlobal
